// !$*UTF8*$!
{
	archiveVersion = 1;
	classes = {
	};
	objectVersion = 46;
	objects = {

/* Begin PBXBuildFile section */
		1CD33E884D9E3358252E82A1 /* ofxToggle.cpp in Sources */ = {isa = PBXBuildFile; fileRef = 907C5B5E104864A2D3A25745 /* ofxToggle.cpp */; };
		219A7C4001C28CEA8A4A6BD7 /* BaseProject.cpp in Sources */ = {isa = PBXBuildFile; fileRef = 153225FC37A834BE3706F8DC /* BaseProject.cpp */; };
		483908258D00B98B4BE69F07 /* ofxLabel.cpp in Sources */ = {isa = PBXBuildFile; fileRef = 78D67A00EB899FAC09430597 /* ofxLabel.cpp */; };
		5A4349E9754D6FA14C0F2A3A /* tinyxmlparser.cpp in Sources */ = {isa = PBXBuildFile; fileRef = FC5DA1C87211D4F6377DA719 /* tinyxmlparser.cpp */; };
		5CBB2AB3A60F65431D7B555D /* ofxButton.cpp in Sources */ = {isa = PBXBuildFile; fileRef = C88333E71C9457E441C33474 /* ofxButton.cpp */; };
		61962F588336621801F9F5A8 /* CBWinProject.cpp in Sources */ = {isa = PBXBuildFile; fileRef = 26D2245899CEACE34F4FDAEB /* CBWinProject.cpp */; };
		63B57AC5BF4EF088491E0317 /* ofxXmlSettings.cpp in Sources */ = {isa = PBXBuildFile; fileRef = 50DF87D612C5AAE17AAFA6C0 /* ofxXmlSettings.cpp */; };
		6474CBF619BCE019003C94E2 /* AVFoundation.framework in Frameworks */ = {isa = PBXBuildFile; fileRef = 6474CBF019BCE00B003C94E2 /* AVFoundation.framework */; };
		6474CBF719BCE019003C94E2 /* CoreMedia.framework in Frameworks */ = {isa = PBXBuildFile; fileRef = 6474CBF119BCE00B003C94E2 /* CoreMedia.framework */; };
		6474CBF819BCE019003C94E2 /* QuartzCore.framework in Frameworks */ = {isa = PBXBuildFile; fileRef = 6474CBF219BCE00B003C94E2 /* QuartzCore.framework */; };
		661BDE424D0A013B1BF7DDFC /* VisualStudioProject.cpp in Sources */ = {isa = PBXBuildFile; fileRef = 641087B1038F367122B32AC2 /* VisualStudioProject.cpp */; };
		66E2ED967F8D6C833C7CC321 /* pugixml.cpp in Sources */ = {isa = PBXBuildFile; fileRef = 9BD9CC7EDCBB6050287649A3 /* pugixml.cpp */; };
		837220E80EB56CD44AD27F2A /* ofxSlider.cpp in Sources */ = {isa = PBXBuildFile; fileRef = 15F2C6477A769C03A56D1401 /* ofxSlider.cpp */; };
		856AA354D08AB4B323081444 /* ofxBaseGui.cpp in Sources */ = {isa = PBXBuildFile; fileRef = 9604B925D32EE39065747725 /* ofxBaseGui.cpp */; };
		87106BA37E077290374CB540 /* ofAddon.cpp in Sources */ = {isa = PBXBuildFile; fileRef = CF5A60E5119FFEE568F27405 /* ofAddon.cpp */; };
		933A2227713C720CEFF80FD9 /* tinyxml.cpp in Sources */ = {isa = PBXBuildFile; fileRef = 2B40EDA85BEB63E46785BC29 /* tinyxml.cpp */; };
		94C72D56AD2A9757569C5990 /* CBLinuxProject.cpp in Sources */ = {isa = PBXBuildFile; fileRef = 8C60079CD401A5EEA5159A27 /* CBLinuxProject.cpp */; };
		9893D4BF88ED774BF2F7E957 /* PGUtils.cpp in Sources */ = {isa = PBXBuildFile; fileRef = 048CAC37E6D2C10FA9BD565B /* PGUtils.cpp */; };
		9D44DC88EF9E7991B4A09951 /* tinyxmlerror.cpp in Sources */ = {isa = PBXBuildFile; fileRef = 832BDC407620CDBA568B713D /* tinyxmlerror.cpp */; };
		B266578FC55D23BFEBC042E7 /* ofxGuiGroup.cpp in Sources */ = {isa = PBXBuildFile; fileRef = ECF8674C7975F1063C5E30CA /* ofxGuiGroup.cpp */; };
		B56FE57CC35806596D38118C /* ofxSliderGroup.cpp in Sources */ = {isa = PBXBuildFile; fileRef = 802251BAF1B35B1D67B32FD0 /* ofxSliderGroup.cpp */; };
		BBAB23CB13894F3D00AA2426 /* GLUT.framework in CopyFiles */ = {isa = PBXBuildFile; fileRef = BBAB23BE13894E4700AA2426 /* GLUT.framework */; };
		D7546F032F43E162B6D56173 /* XcodeProject.cpp in Sources */ = {isa = PBXBuildFile; fileRef = BD4B3B4F59E15BF57C268845 /* XcodeProject.cpp */; };
		E4328149138ABC9F0047C5CB /* openFrameworksDebug.a in Frameworks */ = {isa = PBXBuildFile; fileRef = E4328148138ABC890047C5CB /* openFrameworksDebug.a */; };
		E45BE97B0E8CC7DD009D7055 /* AGL.framework in Frameworks */ = {isa = PBXBuildFile; fileRef = E45BE9710E8CC7DD009D7055 /* AGL.framework */; };
		E45BE97C0E8CC7DD009D7055 /* ApplicationServices.framework in Frameworks */ = {isa = PBXBuildFile; fileRef = E45BE9720E8CC7DD009D7055 /* ApplicationServices.framework */; };
		E45BE97D0E8CC7DD009D7055 /* AudioToolbox.framework in Frameworks */ = {isa = PBXBuildFile; fileRef = E45BE9730E8CC7DD009D7055 /* AudioToolbox.framework */; };
		E45BE97F0E8CC7DD009D7055 /* CoreAudio.framework in Frameworks */ = {isa = PBXBuildFile; fileRef = E45BE9750E8CC7DD009D7055 /* CoreAudio.framework */; };
		E45BE9800E8CC7DD009D7055 /* CoreFoundation.framework in Frameworks */ = {isa = PBXBuildFile; fileRef = E45BE9760E8CC7DD009D7055 /* CoreFoundation.framework */; };
		E45BE9810E8CC7DD009D7055 /* CoreServices.framework in Frameworks */ = {isa = PBXBuildFile; fileRef = E45BE9770E8CC7DD009D7055 /* CoreServices.framework */; };
		E45BE9830E8CC7DD009D7055 /* OpenGL.framework in Frameworks */ = {isa = PBXBuildFile; fileRef = E45BE9790E8CC7DD009D7055 /* OpenGL.framework */; };
		E45BE9840E8CC7DD009D7055 /* QuickTime.framework in Frameworks */ = {isa = PBXBuildFile; fileRef = E45BE97A0E8CC7DD009D7055 /* QuickTime.framework */; };
		E4C2424710CC5A17004149E2 /* AppKit.framework in Frameworks */ = {isa = PBXBuildFile; fileRef = E4C2424410CC5A17004149E2 /* AppKit.framework */; };
		E4C2424810CC5A17004149E2 /* Cocoa.framework in Frameworks */ = {isa = PBXBuildFile; fileRef = E4C2424510CC5A17004149E2 /* Cocoa.framework */; };
		E4C2424910CC5A17004149E2 /* IOKit.framework in Frameworks */ = {isa = PBXBuildFile; fileRef = E4C2424610CC5A17004149E2 /* IOKit.framework */; };
		E4EB6799138ADC1D00A09F29 /* GLUT.framework in Frameworks */ = {isa = PBXBuildFile; fileRef = BBAB23BE13894E4700AA2426 /* GLUT.framework */; };
		E7E077E515D3B63C0020DFD4 /* CoreVideo.framework in Frameworks */ = {isa = PBXBuildFile; fileRef = E7E077E415D3B63C0020DFD4 /* CoreVideo.framework */; };
		E7E077E815D3B6510020DFD4 /* QTKit.framework in Frameworks */ = {isa = PBXBuildFile; fileRef = E7E077E715D3B6510020DFD4 /* QTKit.framework */; };
		E7F985F815E0DEA3003869B5 /* Accelerate.framework in Frameworks */ = {isa = PBXBuildFile; fileRef = E7F985F515E0DE99003869B5 /* Accelerate.framework */; };
		F285EB3169F1566CA3D93C20 /* ofxPanel.cpp in Sources */ = {isa = PBXBuildFile; fileRef = E112B3AEBEA2C091BF2B40AE /* ofxPanel.cpp */; };
		FD6ABBCD19E9EA5D0055DC72 /* CommandLineProjectGenerator.cpp in Sources */ = {isa = PBXBuildFile; fileRef = FD6ABBCB19E9EA5D0055DC72 /* CommandLineProjectGenerator.cpp */; };
		FD6ABBCF19E9EBDD0055DC72 /* main.cpp in Sources */ = {isa = PBXBuildFile; fileRef = FD6ABBCE19E9EBDD0055DC72 /* main.cpp */; };
		FD6ABC2119EA14B60055DC72 /* lz4.c in Sources */ = {isa = PBXBuildFile; fileRef = FD6ABBDA19EA14B60055DC72 /* lz4.c */; };
		FD6ABC2219EA14B60055DC72 /* Base64Encoding.cpp in Sources */ = {isa = PBXBuildFile; fileRef = FD6ABC0219EA14B60055DC72 /* Base64Encoding.cpp */; };
		FD6ABC2319EA14B60055DC72 /* ByteBuffer.cpp in Sources */ = {isa = PBXBuildFile; fileRef = FD6ABC0319EA14B60055DC72 /* ByteBuffer.cpp */; };
		FD6ABC2419EA14B60055DC72 /* ByteBufferReader.cpp in Sources */ = {isa = PBXBuildFile; fileRef = FD6ABC0419EA14B60055DC72 /* ByteBufferReader.cpp */; };
		FD6ABC2519EA14B60055DC72 /* ByteBufferUtils.cpp in Sources */ = {isa = PBXBuildFile; fileRef = FD6ABC0519EA14B60055DC72 /* ByteBufferUtils.cpp */; };
		FD6ABC2619EA14B60055DC72 /* ByteBufferWriter.cpp in Sources */ = {isa = PBXBuildFile; fileRef = FD6ABC0619EA14B60055DC72 /* ByteBufferWriter.cpp */; };
		FD6ABC2719EA14B60055DC72 /* COBSEncoding.cpp in Sources */ = {isa = PBXBuildFile; fileRef = FD6ABC0719EA14B60055DC72 /* COBSEncoding.cpp */; };
		FD6ABC2819EA14B60055DC72 /* Compression.cpp in Sources */ = {isa = PBXBuildFile; fileRef = FD6ABC0819EA14B60055DC72 /* Compression.cpp */; };
		FD6ABC2919EA14B60055DC72 /* DeviceFilter.cpp in Sources */ = {isa = PBXBuildFile; fileRef = FD6ABC0919EA14B60055DC72 /* DeviceFilter.cpp */; };
		FD6ABC2A19EA14B60055DC72 /* DirectoryFilter.cpp in Sources */ = {isa = PBXBuildFile; fileRef = FD6ABC0A19EA14B60055DC72 /* DirectoryFilter.cpp */; };
		FD6ABC2B19EA14B60055DC72 /* DirectoryUtils.cpp in Sources */ = {isa = PBXBuildFile; fileRef = FD6ABC0B19EA14B60055DC72 /* DirectoryUtils.cpp */; };
		FD6ABC2C19EA14B60055DC72 /* DirectoryWatcher.cpp in Sources */ = {isa = PBXBuildFile; fileRef = FD6ABC0C19EA14B60055DC72 /* DirectoryWatcher.cpp */; };
		FD6ABC2D19EA14B60055DC72 /* DirectoryWatcherManager.cpp in Sources */ = {isa = PBXBuildFile; fileRef = FD6ABC0D19EA14B60055DC72 /* DirectoryWatcherManager.cpp */; };
		FD6ABC2E19EA14B60055DC72 /* FileExtensionFilter.cpp in Sources */ = {isa = PBXBuildFile; fileRef = FD6ABC0E19EA14B60055DC72 /* FileExtensionFilter.cpp */; };
		FD6ABC2F19EA14B60055DC72 /* HexBinaryEncoding.cpp in Sources */ = {isa = PBXBuildFile; fileRef = FD6ABC0F19EA14B60055DC72 /* HexBinaryEncoding.cpp */; };
		FD6ABC3019EA14B60055DC72 /* HiddenFileFilter.cpp in Sources */ = {isa = PBXBuildFile; fileRef = FD6ABC1019EA14B60055DC72 /* HiddenFileFilter.cpp */; };
		FD6ABC3119EA14B60055DC72 /* LinkFilter.cpp in Sources */ = {isa = PBXBuildFile; fileRef = FD6ABC1119EA14B60055DC72 /* LinkFilter.cpp */; };
		FD6ABC3219EA14B60055DC72 /* PathFilterCollection.cpp in Sources */ = {isa = PBXBuildFile; fileRef = FD6ABC1219EA14B60055DC72 /* PathFilterCollection.cpp */; };
		FD6ABC3319EA14B60055DC72 /* RecursiveDirectoryIterator.cpp in Sources */ = {isa = PBXBuildFile; fileRef = FD6ABC1319EA14B60055DC72 /* RecursiveDirectoryIterator.cpp */; };
		FD6ABC3419EA14B60055DC72 /* RecursiveDirectoryIteratorStategies.cpp in Sources */ = {isa = PBXBuildFile; fileRef = FD6ABC1419EA14B60055DC72 /* RecursiveDirectoryIteratorStategies.cpp */; };
		FD6ABC3519EA14B60055DC72 /* RegexPathFilter.cpp in Sources */ = {isa = PBXBuildFile; fileRef = FD6ABC1519EA14B60055DC72 /* RegexPathFilter.cpp */; };
		FD6ABC3619EA14B60055DC72 /* SearchPath.cpp in Sources */ = {isa = PBXBuildFile; fileRef = FD6ABC1619EA14B60055DC72 /* SearchPath.cpp */; };
		FD6ABC3719EA14B60055DC72 /* snappy-sinksource.cc in Sources */ = {isa = PBXBuildFile; fileRef = FD6ABC1A19EA14B60055DC72 /* snappy-sinksource.cc */; };
		FD6ABC3819EA14B60055DC72 /* snappy-stubs-internal.cc in Sources */ = {isa = PBXBuildFile; fileRef = FD6ABC1C19EA14B60055DC72 /* snappy-stubs-internal.cc */; };
		FD6ABC3919EA14B60055DC72 /* snappy.cc in Sources */ = {isa = PBXBuildFile; fileRef = FD6ABC1F19EA14B60055DC72 /* snappy.cc */; };
/* End PBXBuildFile section */

/* Begin PBXContainerItemProxy section */
		E4328147138ABC890047C5CB /* PBXContainerItemProxy */ = {
			isa = PBXContainerItemProxy;
			containerPortal = E4328143138ABC890047C5CB /* openFrameworksLib.xcodeproj */;
			proxyType = 2;
			remoteGlobalIDString = E4B27C1510CBEB8E00536013;
			remoteInfo = openFrameworks;
		};
		E4EEB9AB138B136A00A80321 /* PBXContainerItemProxy */ = {
			isa = PBXContainerItemProxy;
			containerPortal = E4328143138ABC890047C5CB /* openFrameworksLib.xcodeproj */;
			proxyType = 1;
			remoteGlobalIDString = E4B27C1410CBEB8E00536013;
			remoteInfo = openFrameworks;
		};
/* End PBXContainerItemProxy section */

/* Begin PBXCopyFilesBuildPhase section */
		E4C2427710CC5ABF004149E2 /* CopyFiles */ = {
			isa = PBXCopyFilesBuildPhase;
			buildActionMask = 2147483647;
			dstPath = "";
			dstSubfolderSpec = 10;
			files = (
				BBAB23CB13894F3D00AA2426 /* GLUT.framework in CopyFiles */,
			);
			runOnlyForDeploymentPostprocessing = 0;
		};
/* End PBXCopyFilesBuildPhase section */

/* Begin PBXFileReference section */
		01DCC0911400F9ACF5B65578 /* ofxXmlSettings.h */ = {isa = PBXFileReference; explicitFileType = sourcecode.c.h; fileEncoding = 30; name = ofxXmlSettings.h; path = ../../../addons/ofxXmlSettings/src/ofxXmlSettings.h; sourceTree = SOURCE_ROOT; };
		048CAC37E6D2C10FA9BD565B /* PGUtils.cpp */ = {isa = PBXFileReference; explicitFileType = sourcecode.cpp.cpp; fileEncoding = 30; name = PGUtils.cpp; path = ../../../addons/ofxPG/libs/ofxPG/src/PGUtils.cpp; sourceTree = SOURCE_ROOT; };
		05C3216A0744AB9427D6337F /* BaseProject.h */ = {isa = PBXFileReference; explicitFileType = sourcecode.c.h; fileEncoding = 30; name = BaseProject.h; path = ../../../addons/ofxPG/libs/ofxPG/include/ofx/PG/BaseProject.h; sourceTree = SOURCE_ROOT; };
		06E3ABA6510A917A879A54D3 /* CBLinuxProject.h */ = {isa = PBXFileReference; explicitFileType = sourcecode.c.h; fileEncoding = 30; name = CBLinuxProject.h; path = ../../../addons/ofxPG/libs/ofxPG/include/ofx/PG/CBLinuxProject.h; sourceTree = SOURCE_ROOT; };
		0A1DAC09F322AE313A40706D /* ofxToggle.h */ = {isa = PBXFileReference; explicitFileType = sourcecode.c.h; fileEncoding = 30; name = ofxToggle.h; path = ../../../addons/ofxGui/src/ofxToggle.h; sourceTree = SOURCE_ROOT; };
		153225FC37A834BE3706F8DC /* BaseProject.cpp */ = {isa = PBXFileReference; explicitFileType = sourcecode.cpp.cpp; fileEncoding = 30; name = BaseProject.cpp; path = ../../../addons/ofxPG/libs/ofxPG/src/BaseProject.cpp; sourceTree = SOURCE_ROOT; };
		15F2C6477A769C03A56D1401 /* ofxSlider.cpp */ = {isa = PBXFileReference; explicitFileType = sourcecode.cpp.cpp; fileEncoding = 30; name = ofxSlider.cpp; path = ../../../addons/ofxGui/src/ofxSlider.cpp; sourceTree = SOURCE_ROOT; };
		17E65988300FBD9AAA2CD0CA /* ofxGui.h */ = {isa = PBXFileReference; explicitFileType = sourcecode.c.h; fileEncoding = 30; name = ofxGui.h; path = ../../../addons/ofxGui/src/ofxGui.h; sourceTree = SOURCE_ROOT; };
		1C0DA2561397A7DE0246858B /* ofxGuiGroup.h */ = {isa = PBXFileReference; explicitFileType = sourcecode.c.h; fileEncoding = 30; name = ofxGuiGroup.h; path = ../../../addons/ofxGui/src/ofxGuiGroup.h; sourceTree = SOURCE_ROOT; };
		26D2245899CEACE34F4FDAEB /* CBWinProject.cpp */ = {isa = PBXFileReference; explicitFileType = sourcecode.cpp.cpp; fileEncoding = 30; name = CBWinProject.cpp; path = ../../../addons/ofxPG/libs/ofxPG/src/CBWinProject.cpp; sourceTree = SOURCE_ROOT; };
		2834D88A62CD23F3DE2C47D1 /* ofxButton.h */ = {isa = PBXFileReference; explicitFileType = sourcecode.c.h; fileEncoding = 30; name = ofxButton.h; path = ../../../addons/ofxGui/src/ofxButton.h; sourceTree = SOURCE_ROOT; };
		2B40EDA85BEB63E46785BC29 /* tinyxml.cpp */ = {isa = PBXFileReference; explicitFileType = sourcecode.cpp.cpp; fileEncoding = 30; name = tinyxml.cpp; path = ../../../addons/ofxXmlSettings/libs/tinyxml.cpp; sourceTree = SOURCE_ROOT; };
		50DF87D612C5AAE17AAFA6C0 /* ofxXmlSettings.cpp */ = {isa = PBXFileReference; explicitFileType = sourcecode.cpp.cpp; fileEncoding = 30; name = ofxXmlSettings.cpp; path = ../../../addons/ofxXmlSettings/src/ofxXmlSettings.cpp; sourceTree = SOURCE_ROOT; };
		52AFA1F08C420992CAAAE648 /* ofxSlider.h */ = {isa = PBXFileReference; explicitFileType = sourcecode.c.h; fileEncoding = 30; name = ofxSlider.h; path = ../../../addons/ofxGui/src/ofxSlider.h; sourceTree = SOURCE_ROOT; };
		627BFB68345A158D4419B675 /* pugixml.hpp */ = {isa = PBXFileReference; explicitFileType = sourcecode.c.h; fileEncoding = 30; name = pugixml.hpp; path = ../../../addons/ofxPugiXML/libs/pugixml/src/pugixml.hpp; sourceTree = SOURCE_ROOT; };
		641087B1038F367122B32AC2 /* VisualStudioProject.cpp */ = {isa = PBXFileReference; explicitFileType = sourcecode.cpp.cpp; fileEncoding = 30; name = VisualStudioProject.cpp; path = ../../../addons/ofxPG/libs/ofxPG/src/VisualStudioProject.cpp; sourceTree = SOURCE_ROOT; };
		6474CBF019BCE00B003C94E2 /* AVFoundation.framework */ = {isa = PBXFileReference; lastKnownFileType = wrapper.framework; name = AVFoundation.framework; path = System/Library/Frameworks/AVFoundation.framework; sourceTree = SDKROOT; };
		6474CBF119BCE00B003C94E2 /* CoreMedia.framework */ = {isa = PBXFileReference; lastKnownFileType = wrapper.framework; name = CoreMedia.framework; path = System/Library/Frameworks/CoreMedia.framework; sourceTree = SDKROOT; };
		6474CBF219BCE00B003C94E2 /* QuartzCore.framework */ = {isa = PBXFileReference; lastKnownFileType = wrapper.framework; name = QuartzCore.framework; path = System/Library/Frameworks/QuartzCore.framework; sourceTree = SDKROOT; };
		6D776125D0B38A79C04E9345 /* foreach.hpp */ = {isa = PBXFileReference; explicitFileType = sourcecode.c.h; fileEncoding = 30; name = foreach.hpp; path = ../../../addons/ofxPugiXML/libs/pugixml/contrib/foreach.hpp; sourceTree = SOURCE_ROOT; };
		78D67A00EB899FAC09430597 /* ofxLabel.cpp */ = {isa = PBXFileReference; explicitFileType = sourcecode.cpp.cpp; fileEncoding = 30; name = ofxLabel.cpp; path = ../../../addons/ofxGui/src/ofxLabel.cpp; sourceTree = SOURCE_ROOT; };
		802251BAF1B35B1D67B32FD0 /* ofxSliderGroup.cpp */ = {isa = PBXFileReference; explicitFileType = sourcecode.cpp.cpp; fileEncoding = 30; name = ofxSliderGroup.cpp; path = ../../../addons/ofxGui/src/ofxSliderGroup.cpp; sourceTree = SOURCE_ROOT; };
		831AD37E6E3569F94FCF5EAC /* CBWinProject.h */ = {isa = PBXFileReference; explicitFileType = sourcecode.c.h; fileEncoding = 30; name = CBWinProject.h; path = ../../../addons/ofxPG/libs/ofxPG/include/ofx/PG/CBWinProject.h; sourceTree = SOURCE_ROOT; };
		832BDC407620CDBA568B713D /* tinyxmlerror.cpp */ = {isa = PBXFileReference; explicitFileType = sourcecode.cpp.cpp; fileEncoding = 30; name = tinyxmlerror.cpp; path = ../../../addons/ofxXmlSettings/libs/tinyxmlerror.cpp; sourceTree = SOURCE_ROOT; };
		87F26B4B24CBD428AD9EEBAA /* ofxBaseGui.h */ = {isa = PBXFileReference; explicitFileType = sourcecode.c.h; fileEncoding = 30; name = ofxBaseGui.h; path = ../../../addons/ofxGui/src/ofxBaseGui.h; sourceTree = SOURCE_ROOT; };
		89449E3044D456F7DE7BEA14 /* ofxPanel.h */ = {isa = PBXFileReference; explicitFileType = sourcecode.c.h; fileEncoding = 30; name = ofxPanel.h; path = ../../../addons/ofxGui/src/ofxPanel.h; sourceTree = SOURCE_ROOT; };
		8C60079CD401A5EEA5159A27 /* CBLinuxProject.cpp */ = {isa = PBXFileReference; explicitFileType = sourcecode.cpp.cpp; fileEncoding = 30; name = CBLinuxProject.cpp; path = ../../../addons/ofxPG/libs/ofxPG/src/CBLinuxProject.cpp; sourceTree = SOURCE_ROOT; };
		8F01E297B13EC46AE73EE112 /* VisualStudioProject.h */ = {isa = PBXFileReference; explicitFileType = sourcecode.c.h; fileEncoding = 30; name = VisualStudioProject.h; path = ../../../addons/ofxPG/libs/ofxPG/include/ofx/PG/VisualStudioProject.h; sourceTree = SOURCE_ROOT; };
		8FB52637BCF4B334EA87F646 /* ofxPG.h */ = {isa = PBXFileReference; explicitFileType = sourcecode.c.h; fileEncoding = 30; name = ofxPG.h; path = ../../../addons/ofxPG/src/ofxPG.h; sourceTree = SOURCE_ROOT; };
		906D6ACAD83D44CFF01502B8 /* XcodeProject.h */ = {isa = PBXFileReference; explicitFileType = sourcecode.c.h; fileEncoding = 30; name = XcodeProject.h; path = ../../../addons/ofxPG/libs/ofxPG/include/ofx/PG/XcodeProject.h; sourceTree = SOURCE_ROOT; };
		907C5B5E104864A2D3A25745 /* ofxToggle.cpp */ = {isa = PBXFileReference; explicitFileType = sourcecode.cpp.cpp; fileEncoding = 30; name = ofxToggle.cpp; path = ../../../addons/ofxGui/src/ofxToggle.cpp; sourceTree = SOURCE_ROOT; };
		9604B925D32EE39065747725 /* ofxBaseGui.cpp */ = {isa = PBXFileReference; explicitFileType = sourcecode.cpp.cpp; fileEncoding = 30; name = ofxBaseGui.cpp; path = ../../../addons/ofxGui/src/ofxBaseGui.cpp; sourceTree = SOURCE_ROOT; };
		9BD9CC7EDCBB6050287649A3 /* pugixml.cpp */ = {isa = PBXFileReference; explicitFileType = sourcecode.cpp.cpp; fileEncoding = 30; name = pugixml.cpp; path = ../../../addons/ofxPugiXML/libs/pugixml/src/pugixml.cpp; sourceTree = SOURCE_ROOT; };
		A3506BA1C47282B272F3B6AA /* ofAddon.h */ = {isa = PBXFileReference; explicitFileType = sourcecode.c.h; fileEncoding = 30; name = ofAddon.h; path = ../../../addons/ofxPG/libs/ofxPG/include/ofx/PG/ofAddon.h; sourceTree = SOURCE_ROOT; };
		A5728E3345D272D5684C5D28 /* PGUtils.h */ = {isa = PBXFileReference; explicitFileType = sourcecode.c.h; fileEncoding = 30; name = PGUtils.h; path = ../../../addons/ofxPG/libs/ofxPG/include/ofx/PG/PGUtils.h; sourceTree = SOURCE_ROOT; };
		B21E7E5F548EEA92F368040B /* tinyxml.h */ = {isa = PBXFileReference; explicitFileType = sourcecode.c.h; fileEncoding = 30; name = tinyxml.h; path = ../../../addons/ofxXmlSettings/libs/tinyxml.h; sourceTree = SOURCE_ROOT; };
		B24AAB8D02E33BC9981B9EDD /* ofxPugiXML.h */ = {isa = PBXFileReference; explicitFileType = sourcecode.c.h; fileEncoding = 30; name = ofxPugiXML.h; path = ../../../addons/ofxPugiXML/src/ofxPugiXML.h; sourceTree = SOURCE_ROOT; };
		B87C60311EC1FE841C1ECD89 /* ofxLabel.h */ = {isa = PBXFileReference; explicitFileType = sourcecode.c.h; fileEncoding = 30; name = ofxLabel.h; path = ../../../addons/ofxGui/src/ofxLabel.h; sourceTree = SOURCE_ROOT; };
		BBAB23BE13894E4700AA2426 /* GLUT.framework */ = {isa = PBXFileReference; lastKnownFileType = wrapper.framework; name = GLUT.framework; path = ../../../libs/glut/lib/osx/GLUT.framework; sourceTree = "<group>"; };
		BD4B3B4F59E15BF57C268845 /* XcodeProject.cpp */ = {isa = PBXFileReference; explicitFileType = sourcecode.cpp.cpp; fileEncoding = 30; name = XcodeProject.cpp; path = ../../../addons/ofxPG/libs/ofxPG/src/XcodeProject.cpp; sourceTree = SOURCE_ROOT; };
		C70D8946940288799E82131E /* ofxSliderGroup.h */ = {isa = PBXFileReference; explicitFileType = sourcecode.c.h; fileEncoding = 30; name = ofxSliderGroup.h; path = ../../../addons/ofxGui/src/ofxSliderGroup.h; sourceTree = SOURCE_ROOT; };
		C88333E71C9457E441C33474 /* ofxButton.cpp */ = {isa = PBXFileReference; explicitFileType = sourcecode.cpp.cpp; fileEncoding = 30; name = ofxButton.cpp; path = ../../../addons/ofxGui/src/ofxButton.cpp; sourceTree = SOURCE_ROOT; };
		CF5A60E5119FFEE568F27405 /* ofAddon.cpp */ = {isa = PBXFileReference; explicitFileType = sourcecode.cpp.cpp; fileEncoding = 30; name = ofAddon.cpp; path = ../../../addons/ofxPG/libs/ofxPG/src/ofAddon.cpp; sourceTree = SOURCE_ROOT; };
		E112B3AEBEA2C091BF2B40AE /* ofxPanel.cpp */ = {isa = PBXFileReference; explicitFileType = sourcecode.cpp.cpp; fileEncoding = 30; name = ofxPanel.cpp; path = ../../../addons/ofxGui/src/ofxPanel.cpp; sourceTree = SOURCE_ROOT; };
		E4328143138ABC890047C5CB /* openFrameworksLib.xcodeproj */ = {isa = PBXFileReference; lastKnownFileType = "wrapper.pb-project"; name = openFrameworksLib.xcodeproj; path = ../../../libs/openFrameworksCompiled/project/osx/openFrameworksLib.xcodeproj; sourceTree = SOURCE_ROOT; };
		E45BE9710E8CC7DD009D7055 /* AGL.framework */ = {isa = PBXFileReference; lastKnownFileType = wrapper.framework; name = AGL.framework; path = /System/Library/Frameworks/AGL.framework; sourceTree = "<absolute>"; };
		E45BE9720E8CC7DD009D7055 /* ApplicationServices.framework */ = {isa = PBXFileReference; lastKnownFileType = wrapper.framework; name = ApplicationServices.framework; path = /System/Library/Frameworks/ApplicationServices.framework; sourceTree = "<absolute>"; };
		E45BE9730E8CC7DD009D7055 /* AudioToolbox.framework */ = {isa = PBXFileReference; lastKnownFileType = wrapper.framework; name = AudioToolbox.framework; path = /System/Library/Frameworks/AudioToolbox.framework; sourceTree = "<absolute>"; };
		E45BE9750E8CC7DD009D7055 /* CoreAudio.framework */ = {isa = PBXFileReference; lastKnownFileType = wrapper.framework; name = CoreAudio.framework; path = /System/Library/Frameworks/CoreAudio.framework; sourceTree = "<absolute>"; };
		E45BE9760E8CC7DD009D7055 /* CoreFoundation.framework */ = {isa = PBXFileReference; lastKnownFileType = wrapper.framework; name = CoreFoundation.framework; path = /System/Library/Frameworks/CoreFoundation.framework; sourceTree = "<absolute>"; };
		E45BE9770E8CC7DD009D7055 /* CoreServices.framework */ = {isa = PBXFileReference; lastKnownFileType = wrapper.framework; name = CoreServices.framework; path = /System/Library/Frameworks/CoreServices.framework; sourceTree = "<absolute>"; };
		E45BE9790E8CC7DD009D7055 /* OpenGL.framework */ = {isa = PBXFileReference; lastKnownFileType = wrapper.framework; name = OpenGL.framework; path = /System/Library/Frameworks/OpenGL.framework; sourceTree = "<absolute>"; };
		E45BE97A0E8CC7DD009D7055 /* QuickTime.framework */ = {isa = PBXFileReference; lastKnownFileType = wrapper.framework; name = QuickTime.framework; path = /System/Library/Frameworks/QuickTime.framework; sourceTree = "<absolute>"; };
		E4B69B5B0A3A1756003C02F2 /* example_CLIDebug.app */ = {isa = PBXFileReference; explicitFileType = wrapper.application; includeInIndex = 0; path = example_CLIDebug.app; sourceTree = BUILT_PRODUCTS_DIR; };
		E4B6FCAD0C3E899E008CF71C /* openFrameworks-Info.plist */ = {isa = PBXFileReference; fileEncoding = 30; lastKnownFileType = text.plist.xml; path = "openFrameworks-Info.plist"; sourceTree = "<group>"; };
		E4C2424410CC5A17004149E2 /* AppKit.framework */ = {isa = PBXFileReference; lastKnownFileType = wrapper.framework; name = AppKit.framework; path = /System/Library/Frameworks/AppKit.framework; sourceTree = "<absolute>"; };
		E4C2424510CC5A17004149E2 /* Cocoa.framework */ = {isa = PBXFileReference; lastKnownFileType = wrapper.framework; name = Cocoa.framework; path = /System/Library/Frameworks/Cocoa.framework; sourceTree = "<absolute>"; };
		E4C2424610CC5A17004149E2 /* IOKit.framework */ = {isa = PBXFileReference; lastKnownFileType = wrapper.framework; name = IOKit.framework; path = /System/Library/Frameworks/IOKit.framework; sourceTree = "<absolute>"; };
		E4EB691F138AFCF100A09F29 /* CoreOF.xcconfig */ = {isa = PBXFileReference; fileEncoding = 4; lastKnownFileType = text.xcconfig; name = CoreOF.xcconfig; path = ../../../libs/openFrameworksCompiled/project/osx/CoreOF.xcconfig; sourceTree = SOURCE_ROOT; };
		E4EB6923138AFD0F00A09F29 /* Project.xcconfig */ = {isa = PBXFileReference; fileEncoding = 4; lastKnownFileType = text.xcconfig; path = Project.xcconfig; sourceTree = "<group>"; };
		E7E077E415D3B63C0020DFD4 /* CoreVideo.framework */ = {isa = PBXFileReference; lastKnownFileType = wrapper.framework; name = CoreVideo.framework; path = /System/Library/Frameworks/CoreVideo.framework; sourceTree = "<absolute>"; };
		E7E077E715D3B6510020DFD4 /* QTKit.framework */ = {isa = PBXFileReference; lastKnownFileType = wrapper.framework; name = QTKit.framework; path = /System/Library/Frameworks/QTKit.framework; sourceTree = "<absolute>"; };
		E7F985F515E0DE99003869B5 /* Accelerate.framework */ = {isa = PBXFileReference; lastKnownFileType = wrapper.framework; name = Accelerate.framework; path = /System/Library/Frameworks/Accelerate.framework; sourceTree = "<absolute>"; };
		ECF8674C7975F1063C5E30CA /* ofxGuiGroup.cpp */ = {isa = PBXFileReference; explicitFileType = sourcecode.cpp.cpp; fileEncoding = 30; name = ofxGuiGroup.cpp; path = ../../../addons/ofxGui/src/ofxGuiGroup.cpp; sourceTree = SOURCE_ROOT; };
		F7E655155A1E19D73761B70D /* pugiconfig.hpp */ = {isa = PBXFileReference; explicitFileType = sourcecode.c.h; fileEncoding = 30; name = pugiconfig.hpp; path = ../../../addons/ofxPugiXML/libs/pugixml/src/pugiconfig.hpp; sourceTree = SOURCE_ROOT; };
		FC5DA1C87211D4F6377DA719 /* tinyxmlparser.cpp */ = {isa = PBXFileReference; explicitFileType = sourcecode.cpp.cpp; fileEncoding = 30; name = tinyxmlparser.cpp; path = ../../../addons/ofxXmlSettings/libs/tinyxmlparser.cpp; sourceTree = SOURCE_ROOT; };
		FD6ABBCB19E9EA5D0055DC72 /* CommandLineProjectGenerator.cpp */ = {isa = PBXFileReference; fileEncoding = 4; lastKnownFileType = sourcecode.cpp.cpp; path = CommandLineProjectGenerator.cpp; sourceTree = "<group>"; };
		FD6ABBCC19E9EA5D0055DC72 /* CommandLineProjectGenerator.h */ = {isa = PBXFileReference; fileEncoding = 4; lastKnownFileType = sourcecode.c.h; path = CommandLineProjectGenerator.h; sourceTree = "<group>"; };
		FD6ABBCE19E9EBDD0055DC72 /* main.cpp */ = {isa = PBXFileReference; fileEncoding = 4; lastKnownFileType = sourcecode.cpp.cpp; path = main.cpp; sourceTree = "<group>"; };
		FD6ABBD319EA14B60055DC72 /* ofxIO.h */ = {isa = PBXFileReference; lastKnownFileType = sourcecode.c.h; path = ofxIO.h; sourceTree = "<group>"; };
		FD6ABBD719EA14B60055DC72 /* alphanum.hpp */ = {isa = PBXFileReference; lastKnownFileType = sourcecode.cpp.h; path = alphanum.hpp; sourceTree = "<group>"; };
		FD6ABBDA19EA14B60055DC72 /* lz4.c */ = {isa = PBXFileReference; lastKnownFileType = sourcecode.c.c; path = lz4.c; sourceTree = "<group>"; };
		FD6ABBDB19EA14B60055DC72 /* lz4.h */ = {isa = PBXFileReference; lastKnownFileType = sourcecode.c.h; path = lz4.h; sourceTree = "<group>"; };
		FD6ABBDF19EA14B60055DC72 /* AbstractCache.h */ = {isa = PBXFileReference; lastKnownFileType = sourcecode.c.h; path = AbstractCache.h; sourceTree = "<group>"; };
		FD6ABBE019EA14B60055DC72 /* AccessExpireCache.h */ = {isa = PBXFileReference; lastKnownFileType = sourcecode.c.h; path = AccessExpireCache.h; sourceTree = "<group>"; };
		FD6ABBE119EA14B60055DC72 /* AccessExpireLRUCache.h */ = {isa = PBXFileReference; lastKnownFileType = sourcecode.c.h; path = AccessExpireLRUCache.h; sourceTree = "<group>"; };
		FD6ABBE219EA14B60055DC72 /* DirectoryWatcher.h */ = {isa = PBXFileReference; lastKnownFileType = sourcecode.c.h; path = DirectoryWatcher.h; sourceTree = "<group>"; };
		FD6ABBE319EA14B60055DC72 /* ExpireCache.h */ = {isa = PBXFileReference; lastKnownFileType = sourcecode.c.h; path = ExpireCache.h; sourceTree = "<group>"; };
		FD6ABBE419EA14B60055DC72 /* ExpireLRUCache.h */ = {isa = PBXFileReference; lastKnownFileType = sourcecode.c.h; path = ExpireLRUCache.h; sourceTree = "<group>"; };
		FD6ABBE619EA14B60055DC72 /* AbstractTypes.h */ = {isa = PBXFileReference; lastKnownFileType = sourcecode.c.h; path = AbstractTypes.h; sourceTree = "<group>"; };
		FD6ABBE719EA14B60055DC72 /* Base64Encoding.h */ = {isa = PBXFileReference; lastKnownFileType = sourcecode.c.h; path = Base64Encoding.h; sourceTree = "<group>"; };
		FD6ABBE819EA14B60055DC72 /* ByteBuffer.h */ = {isa = PBXFileReference; lastKnownFileType = sourcecode.c.h; path = ByteBuffer.h; sourceTree = "<group>"; };
		FD6ABBE919EA14B60055DC72 /* ByteBufferReader.h */ = {isa = PBXFileReference; lastKnownFileType = sourcecode.c.h; path = ByteBufferReader.h; sourceTree = "<group>"; };
		FD6ABBEA19EA14B60055DC72 /* ByteBufferUtils.h */ = {isa = PBXFileReference; lastKnownFileType = sourcecode.c.h; path = ByteBufferUtils.h; sourceTree = "<group>"; };
		FD6ABBEB19EA14B60055DC72 /* ByteBufferWriter.h */ = {isa = PBXFileReference; lastKnownFileType = sourcecode.c.h; path = ByteBufferWriter.h; sourceTree = "<group>"; };
		FD6ABBEC19EA14B60055DC72 /* COBSEncoding.h */ = {isa = PBXFileReference; lastKnownFileType = sourcecode.c.h; path = COBSEncoding.h; sourceTree = "<group>"; };
		FD6ABBED19EA14B60055DC72 /* Compression.h */ = {isa = PBXFileReference; lastKnownFileType = sourcecode.c.h; path = Compression.h; sourceTree = "<group>"; };
		FD6ABBEE19EA14B60055DC72 /* DeviceFilter.h */ = {isa = PBXFileReference; lastKnownFileType = sourcecode.c.h; path = DeviceFilter.h; sourceTree = "<group>"; };
		FD6ABBEF19EA14B60055DC72 /* DirectoryFilter.h */ = {isa = PBXFileReference; lastKnownFileType = sourcecode.c.h; path = DirectoryFilter.h; sourceTree = "<group>"; };
		FD6ABBF019EA14B60055DC72 /* DirectoryUtils.h */ = {isa = PBXFileReference; lastKnownFileType = sourcecode.c.h; path = DirectoryUtils.h; sourceTree = "<group>"; };
		FD6ABBF119EA14B60055DC72 /* DirectoryWatcherManager.h */ = {isa = PBXFileReference; lastKnownFileType = sourcecode.c.h; path = DirectoryWatcherManager.h; sourceTree = "<group>"; };
		FD6ABBF219EA14B60055DC72 /* FileExtensionFilter.h */ = {isa = PBXFileReference; lastKnownFileType = sourcecode.c.h; path = FileExtensionFilter.h; sourceTree = "<group>"; };
		FD6ABBF319EA14B60055DC72 /* HexBinaryEncoding.h */ = {isa = PBXFileReference; lastKnownFileType = sourcecode.c.h; path = HexBinaryEncoding.h; sourceTree = "<group>"; };
		FD6ABBF419EA14B60055DC72 /* HiddenFileFilter.h */ = {isa = PBXFileReference; lastKnownFileType = sourcecode.c.h; path = HiddenFileFilter.h; sourceTree = "<group>"; };
		FD6ABBF519EA14B60055DC72 /* LinkFilter.h */ = {isa = PBXFileReference; lastKnownFileType = sourcecode.c.h; path = LinkFilter.h; sourceTree = "<group>"; };
		FD6ABBF619EA14B60055DC72 /* PathFilterCollection.h */ = {isa = PBXFileReference; lastKnownFileType = sourcecode.c.h; path = PathFilterCollection.h; sourceTree = "<group>"; };
		FD6ABBF719EA14B60055DC72 /* RegexPathFilter.h */ = {isa = PBXFileReference; lastKnownFileType = sourcecode.c.h; path = RegexPathFilter.h; sourceTree = "<group>"; };
		FD6ABBF819EA14B60055DC72 /* SearchPath.h */ = {isa = PBXFileReference; lastKnownFileType = sourcecode.c.h; path = SearchPath.h; sourceTree = "<group>"; };
		FD6ABBF919EA14B60055DC72 /* LRUCache.h */ = {isa = PBXFileReference; lastKnownFileType = sourcecode.c.h; path = LRUCache.h; sourceTree = "<group>"; };
		FD6ABBFA19EA14B60055DC72 /* RecursiveDirectoryIterator.h */ = {isa = PBXFileReference; lastKnownFileType = sourcecode.c.h; path = RecursiveDirectoryIterator.h; sourceTree = "<group>"; };
		FD6ABBFB19EA14B60055DC72 /* RecursiveDirectoryIteratorImpl.h */ = {isa = PBXFileReference; lastKnownFileType = sourcecode.c.h; path = RecursiveDirectoryIteratorImpl.h; sourceTree = "<group>"; };
		FD6ABBFC19EA14B60055DC72 /* RecursiveDirectoryIteratorStategies.h */ = {isa = PBXFileReference; lastKnownFileType = sourcecode.c.h; path = RecursiveDirectoryIteratorStategies.h; sourceTree = "<group>"; };
		FD6ABBFD19EA14B60055DC72 /* UniqueAccessExpireCache.h */ = {isa = PBXFileReference; lastKnownFileType = sourcecode.c.h; path = UniqueAccessExpireCache.h; sourceTree = "<group>"; };
		FD6ABBFE19EA14B60055DC72 /* UniqueAccessExpireLRUCache.h */ = {isa = PBXFileReference; lastKnownFileType = sourcecode.c.h; path = UniqueAccessExpireLRUCache.h; sourceTree = "<group>"; };
		FD6ABBFF19EA14B60055DC72 /* UniqueExpireCache.h */ = {isa = PBXFileReference; lastKnownFileType = sourcecode.c.h; path = UniqueExpireCache.h; sourceTree = "<group>"; };
		FD6ABC0019EA14B60055DC72 /* UniqueExpireLRUCache.h */ = {isa = PBXFileReference; lastKnownFileType = sourcecode.c.h; path = UniqueExpireLRUCache.h; sourceTree = "<group>"; };
		FD6ABC0219EA14B60055DC72 /* Base64Encoding.cpp */ = {isa = PBXFileReference; lastKnownFileType = sourcecode.cpp.cpp; path = Base64Encoding.cpp; sourceTree = "<group>"; };
		FD6ABC0319EA14B60055DC72 /* ByteBuffer.cpp */ = {isa = PBXFileReference; lastKnownFileType = sourcecode.cpp.cpp; path = ByteBuffer.cpp; sourceTree = "<group>"; };
		FD6ABC0419EA14B60055DC72 /* ByteBufferReader.cpp */ = {isa = PBXFileReference; lastKnownFileType = sourcecode.cpp.cpp; path = ByteBufferReader.cpp; sourceTree = "<group>"; };
		FD6ABC0519EA14B60055DC72 /* ByteBufferUtils.cpp */ = {isa = PBXFileReference; lastKnownFileType = sourcecode.cpp.cpp; path = ByteBufferUtils.cpp; sourceTree = "<group>"; };
		FD6ABC0619EA14B60055DC72 /* ByteBufferWriter.cpp */ = {isa = PBXFileReference; lastKnownFileType = sourcecode.cpp.cpp; path = ByteBufferWriter.cpp; sourceTree = "<group>"; };
		FD6ABC0719EA14B60055DC72 /* COBSEncoding.cpp */ = {isa = PBXFileReference; lastKnownFileType = sourcecode.cpp.cpp; path = COBSEncoding.cpp; sourceTree = "<group>"; };
		FD6ABC0819EA14B60055DC72 /* Compression.cpp */ = {isa = PBXFileReference; lastKnownFileType = sourcecode.cpp.cpp; path = Compression.cpp; sourceTree = "<group>"; };
		FD6ABC0919EA14B60055DC72 /* DeviceFilter.cpp */ = {isa = PBXFileReference; lastKnownFileType = sourcecode.cpp.cpp; path = DeviceFilter.cpp; sourceTree = "<group>"; };
		FD6ABC0A19EA14B60055DC72 /* DirectoryFilter.cpp */ = {isa = PBXFileReference; lastKnownFileType = sourcecode.cpp.cpp; path = DirectoryFilter.cpp; sourceTree = "<group>"; };
		FD6ABC0B19EA14B60055DC72 /* DirectoryUtils.cpp */ = {isa = PBXFileReference; lastKnownFileType = sourcecode.cpp.cpp; path = DirectoryUtils.cpp; sourceTree = "<group>"; };
		FD6ABC0C19EA14B60055DC72 /* DirectoryWatcher.cpp */ = {isa = PBXFileReference; lastKnownFileType = sourcecode.cpp.cpp; path = DirectoryWatcher.cpp; sourceTree = "<group>"; };
		FD6ABC0D19EA14B60055DC72 /* DirectoryWatcherManager.cpp */ = {isa = PBXFileReference; lastKnownFileType = sourcecode.cpp.cpp; path = DirectoryWatcherManager.cpp; sourceTree = "<group>"; };
		FD6ABC0E19EA14B60055DC72 /* FileExtensionFilter.cpp */ = {isa = PBXFileReference; lastKnownFileType = sourcecode.cpp.cpp; path = FileExtensionFilter.cpp; sourceTree = "<group>"; };
		FD6ABC0F19EA14B60055DC72 /* HexBinaryEncoding.cpp */ = {isa = PBXFileReference; lastKnownFileType = sourcecode.cpp.cpp; path = HexBinaryEncoding.cpp; sourceTree = "<group>"; };
		FD6ABC1019EA14B60055DC72 /* HiddenFileFilter.cpp */ = {isa = PBXFileReference; lastKnownFileType = sourcecode.cpp.cpp; path = HiddenFileFilter.cpp; sourceTree = "<group>"; };
		FD6ABC1119EA14B60055DC72 /* LinkFilter.cpp */ = {isa = PBXFileReference; lastKnownFileType = sourcecode.cpp.cpp; path = LinkFilter.cpp; sourceTree = "<group>"; };
		FD6ABC1219EA14B60055DC72 /* PathFilterCollection.cpp */ = {isa = PBXFileReference; lastKnownFileType = sourcecode.cpp.cpp; path = PathFilterCollection.cpp; sourceTree = "<group>"; };
		FD6ABC1319EA14B60055DC72 /* RecursiveDirectoryIterator.cpp */ = {isa = PBXFileReference; lastKnownFileType = sourcecode.cpp.cpp; path = RecursiveDirectoryIterator.cpp; sourceTree = "<group>"; };
		FD6ABC1419EA14B60055DC72 /* RecursiveDirectoryIteratorStategies.cpp */ = {isa = PBXFileReference; lastKnownFileType = sourcecode.cpp.cpp; path = RecursiveDirectoryIteratorStategies.cpp; sourceTree = "<group>"; };
		FD6ABC1519EA14B60055DC72 /* RegexPathFilter.cpp */ = {isa = PBXFileReference; lastKnownFileType = sourcecode.cpp.cpp; path = RegexPathFilter.cpp; sourceTree = "<group>"; };
		FD6ABC1619EA14B60055DC72 /* SearchPath.cpp */ = {isa = PBXFileReference; lastKnownFileType = sourcecode.cpp.cpp; path = SearchPath.cpp; sourceTree = "<group>"; };
		FD6ABC1919EA14B60055DC72 /* snappy-internal.h */ = {isa = PBXFileReference; lastKnownFileType = sourcecode.c.h; path = "snappy-internal.h"; sourceTree = "<group>"; };
		FD6ABC1A19EA14B60055DC72 /* snappy-sinksource.cc */ = {isa = PBXFileReference; lastKnownFileType = sourcecode.cpp.cpp; path = "snappy-sinksource.cc"; sourceTree = "<group>"; };
		FD6ABC1B19EA14B60055DC72 /* snappy-sinksource.h */ = {isa = PBXFileReference; lastKnownFileType = sourcecode.c.h; path = "snappy-sinksource.h"; sourceTree = "<group>"; };
		FD6ABC1C19EA14B60055DC72 /* snappy-stubs-internal.cc */ = {isa = PBXFileReference; lastKnownFileType = sourcecode.cpp.cpp; path = "snappy-stubs-internal.cc"; sourceTree = "<group>"; };
		FD6ABC1D19EA14B60055DC72 /* snappy-stubs-internal.h */ = {isa = PBXFileReference; lastKnownFileType = sourcecode.c.h; path = "snappy-stubs-internal.h"; sourceTree = "<group>"; };
		FD6ABC1E19EA14B60055DC72 /* snappy-stubs-public.h */ = {isa = PBXFileReference; lastKnownFileType = sourcecode.c.h; path = "snappy-stubs-public.h"; sourceTree = "<group>"; };
		FD6ABC1F19EA14B60055DC72 /* snappy.cc */ = {isa = PBXFileReference; lastKnownFileType = sourcecode.cpp.cpp; path = snappy.cc; sourceTree = "<group>"; };
		FD6ABC2019EA14B60055DC72 /* snappy.h */ = {isa = PBXFileReference; lastKnownFileType = sourcecode.c.h; path = snappy.h; sourceTree = "<group>"; };
/* End PBXFileReference section */

/* Begin PBXFrameworksBuildPhase section */
		E4B69B590A3A1756003C02F2 /* Frameworks */ = {
			isa = PBXFrameworksBuildPhase;
			buildActionMask = 2147483647;
			files = (
				6474CBF619BCE019003C94E2 /* AVFoundation.framework in Frameworks */,
				6474CBF719BCE019003C94E2 /* CoreMedia.framework in Frameworks */,
				6474CBF819BCE019003C94E2 /* QuartzCore.framework in Frameworks */,
				E7F985F815E0DEA3003869B5 /* Accelerate.framework in Frameworks */,
				E7E077E815D3B6510020DFD4 /* QTKit.framework in Frameworks */,
				E4EB6799138ADC1D00A09F29 /* GLUT.framework in Frameworks */,
				E4328149138ABC9F0047C5CB /* openFrameworksDebug.a in Frameworks */,
				E45BE97B0E8CC7DD009D7055 /* AGL.framework in Frameworks */,
				E45BE97C0E8CC7DD009D7055 /* ApplicationServices.framework in Frameworks */,
				E45BE97D0E8CC7DD009D7055 /* AudioToolbox.framework in Frameworks */,
				E45BE97F0E8CC7DD009D7055 /* CoreAudio.framework in Frameworks */,
				E45BE9800E8CC7DD009D7055 /* CoreFoundation.framework in Frameworks */,
				E45BE9810E8CC7DD009D7055 /* CoreServices.framework in Frameworks */,
				E45BE9830E8CC7DD009D7055 /* OpenGL.framework in Frameworks */,
				E45BE9840E8CC7DD009D7055 /* QuickTime.framework in Frameworks */,
				E4C2424710CC5A17004149E2 /* AppKit.framework in Frameworks */,
				E4C2424810CC5A17004149E2 /* Cocoa.framework in Frameworks */,
				E4C2424910CC5A17004149E2 /* IOKit.framework in Frameworks */,
				E7E077E515D3B63C0020DFD4 /* CoreVideo.framework in Frameworks */,
			);
			runOnlyForDeploymentPostprocessing = 0;
		};
/* End PBXFrameworksBuildPhase section */

/* Begin PBXGroup section */
		12DCBDFDA020CDAB691290FC /* PG */ = {
			isa = PBXGroup;
			children = (
				05C3216A0744AB9427D6337F /* BaseProject.h */,
				06E3ABA6510A917A879A54D3 /* CBLinuxProject.h */,
				831AD37E6E3569F94FCF5EAC /* CBWinProject.h */,
				A3506BA1C47282B272F3B6AA /* ofAddon.h */,
				A5728E3345D272D5684C5D28 /* PGUtils.h */,
				8F01E297B13EC46AE73EE112 /* VisualStudioProject.h */,
				906D6ACAD83D44CFF01502B8 /* XcodeProject.h */,
			);
			name = PG;
			sourceTree = "<group>";
		};
		1F4FB5C423662B96ADFDCC0B /* ofxXmlSettings */ = {
			isa = PBXGroup;
			children = (
				6ECEF0D76BC33727823EADFF /* src */,
				6E54289412D2D94F45A05113 /* libs */,
			);
			name = ofxXmlSettings;
			sourceTree = "<group>";
		};
		201A5EB831CE1D9275121E74 /* src */ = {
			isa = PBXGroup;
			children = (
				B24AAB8D02E33BC9981B9EDD /* ofxPugiXML.h */,
			);
			name = src;
			sourceTree = "<group>";
		};
		2BBDDEC1883CABF988BEC144 /* ofx */ = {
			isa = PBXGroup;
			children = (
				12DCBDFDA020CDAB691290FC /* PG */,
			);
			name = ofx;
			sourceTree = "<group>";
		};
		3561608134E93F44875B2432 /* libs */ = {
			isa = PBXGroup;
			children = (
				C07F16809C6E3283841121B1 /* ofxPG */,
			);
			name = libs;
			sourceTree = "<group>";
		};
		37B88972D3EBF7934DFE8896 /* libs */ = {
			isa = PBXGroup;
			children = (
				8E70E50C301B39813449AC49 /* pugixml */,
			);
			name = libs;
			sourceTree = "<group>";
		};
		3CDA00978FA4A9672EF78984 /* src */ = {
			isa = PBXGroup;
			children = (
				F7E655155A1E19D73761B70D /* pugiconfig.hpp */,
				9BD9CC7EDCBB6050287649A3 /* pugixml.cpp */,
				627BFB68345A158D4419B675 /* pugixml.hpp */,
			);
			name = src;
			sourceTree = "<group>";
		};
		480A780D8D0308AE4A368801 /* ofxGui */ = {
			isa = PBXGroup;
			children = (
				A763ED608B35AE3310251DEE /* src */,
			);
			name = ofxGui;
			sourceTree = "<group>";
		};
		5CDF4F17463DE162C1E5A511 /* src */ = {
			isa = PBXGroup;
			children = (
				153225FC37A834BE3706F8DC /* BaseProject.cpp */,
				8C60079CD401A5EEA5159A27 /* CBLinuxProject.cpp */,
				26D2245899CEACE34F4FDAEB /* CBWinProject.cpp */,
				CF5A60E5119FFEE568F27405 /* ofAddon.cpp */,
				048CAC37E6D2C10FA9BD565B /* PGUtils.cpp */,
				641087B1038F367122B32AC2 /* VisualStudioProject.cpp */,
				BD4B3B4F59E15BF57C268845 /* XcodeProject.cpp */,
			);
			name = src;
			sourceTree = "<group>";
		};
		6E54289412D2D94F45A05113 /* libs */ = {
			isa = PBXGroup;
			children = (
				2B40EDA85BEB63E46785BC29 /* tinyxml.cpp */,
				B21E7E5F548EEA92F368040B /* tinyxml.h */,
				832BDC407620CDBA568B713D /* tinyxmlerror.cpp */,
				FC5DA1C87211D4F6377DA719 /* tinyxmlparser.cpp */,
			);
			name = libs;
			sourceTree = "<group>";
		};
		6ECEF0D76BC33727823EADFF /* src */ = {
			isa = PBXGroup;
			children = (
				50DF87D612C5AAE17AAFA6C0 /* ofxXmlSettings.cpp */,
				01DCC0911400F9ACF5B65578 /* ofxXmlSettings.h */,
			);
			name = src;
			sourceTree = "<group>";
		};
		8E70E50C301B39813449AC49 /* pugixml */ = {
			isa = PBXGroup;
			children = (
				D5D86DA132E8EAA85044BF33 /* contrib */,
				3CDA00978FA4A9672EF78984 /* src */,
			);
			name = pugixml;
			sourceTree = "<group>";
		};
		A2F67FDF71DA336CB6DF23EF /* src */ = {
			isa = PBXGroup;
			children = (
				8FB52637BCF4B334EA87F646 /* ofxPG.h */,
			);
			name = src;
			sourceTree = "<group>";
		};
		A763ED608B35AE3310251DEE /* src */ = {
			isa = PBXGroup;
			children = (
				9604B925D32EE39065747725 /* ofxBaseGui.cpp */,
				87F26B4B24CBD428AD9EEBAA /* ofxBaseGui.h */,
				C88333E71C9457E441C33474 /* ofxButton.cpp */,
				2834D88A62CD23F3DE2C47D1 /* ofxButton.h */,
				17E65988300FBD9AAA2CD0CA /* ofxGui.h */,
				ECF8674C7975F1063C5E30CA /* ofxGuiGroup.cpp */,
				1C0DA2561397A7DE0246858B /* ofxGuiGroup.h */,
				78D67A00EB899FAC09430597 /* ofxLabel.cpp */,
				B87C60311EC1FE841C1ECD89 /* ofxLabel.h */,
				E112B3AEBEA2C091BF2B40AE /* ofxPanel.cpp */,
				89449E3044D456F7DE7BEA14 /* ofxPanel.h */,
				15F2C6477A769C03A56D1401 /* ofxSlider.cpp */,
				52AFA1F08C420992CAAAE648 /* ofxSlider.h */,
				802251BAF1B35B1D67B32FD0 /* ofxSliderGroup.cpp */,
				C70D8946940288799E82131E /* ofxSliderGroup.h */,
				907C5B5E104864A2D3A25745 /* ofxToggle.cpp */,
				0A1DAC09F322AE313A40706D /* ofxToggle.h */,
			);
			name = src;
			sourceTree = "<group>";
		};
		BB4B014C10F69532006C3DED /* addons */ = {
			isa = PBXGroup;
			children = (
				FD6ABBD119EA14B60055DC72 /* ofxIO */,
				FAEA7D0951D872AB746C9DBE /* ofxPugiXML */,
				480A780D8D0308AE4A368801 /* ofxGui */,
				E8CFD0245E78781E1C612450 /* ofxPG */,
				1F4FB5C423662B96ADFDCC0B /* ofxXmlSettings */,
			);
			name = addons;
			sourceTree = "<group>";
		};
		BBAB23C913894ECA00AA2426 /* system frameworks */ = {
			isa = PBXGroup;
			children = (
				6474CBF019BCE00B003C94E2 /* AVFoundation.framework */,
				6474CBF119BCE00B003C94E2 /* CoreMedia.framework */,
				6474CBF219BCE00B003C94E2 /* QuartzCore.framework */,
				E7F985F515E0DE99003869B5 /* Accelerate.framework */,
				E4C2424410CC5A17004149E2 /* AppKit.framework */,
				E4C2424510CC5A17004149E2 /* Cocoa.framework */,
				E4C2424610CC5A17004149E2 /* IOKit.framework */,
				E45BE9710E8CC7DD009D7055 /* AGL.framework */,
				E45BE9720E8CC7DD009D7055 /* ApplicationServices.framework */,
				E45BE9730E8CC7DD009D7055 /* AudioToolbox.framework */,
				E45BE9750E8CC7DD009D7055 /* CoreAudio.framework */,
				E45BE9760E8CC7DD009D7055 /* CoreFoundation.framework */,
				E45BE9770E8CC7DD009D7055 /* CoreServices.framework */,
				E45BE9790E8CC7DD009D7055 /* OpenGL.framework */,
				E45BE97A0E8CC7DD009D7055 /* QuickTime.framework */,
				E7E077E415D3B63C0020DFD4 /* CoreVideo.framework */,
				E7E077E715D3B6510020DFD4 /* QTKit.framework */,
			);
			name = "system frameworks";
			sourceTree = "<group>";
		};
		BBAB23CA13894EDB00AA2426 /* 3rd party frameworks */ = {
			isa = PBXGroup;
			children = (
				BBAB23BE13894E4700AA2426 /* GLUT.framework */,
			);
			name = "3rd party frameworks";
			sourceTree = "<group>";
		};
		C07F16809C6E3283841121B1 /* ofxPG */ = {
			isa = PBXGroup;
			children = (
				C52715BB45E00F21A4853A1C /* include */,
				5CDF4F17463DE162C1E5A511 /* src */,
			);
			name = ofxPG;
			sourceTree = "<group>";
		};
		C52715BB45E00F21A4853A1C /* include */ = {
			isa = PBXGroup;
			children = (
				2BBDDEC1883CABF988BEC144 /* ofx */,
			);
			name = include;
			sourceTree = "<group>";
		};
		D5D86DA132E8EAA85044BF33 /* contrib */ = {
			isa = PBXGroup;
			children = (
				6D776125D0B38A79C04E9345 /* foreach.hpp */,
			);
			name = contrib;
			sourceTree = "<group>";
		};
		E4328144138ABC890047C5CB /* Products */ = {
			isa = PBXGroup;
			children = (
				E4328148138ABC890047C5CB /* openFrameworksDebug.a */,
			);
			name = Products;
			sourceTree = "<group>";
		};
		E45BE5980E8CC70C009D7055 /* frameworks */ = {
			isa = PBXGroup;
			children = (
				BBAB23CA13894EDB00AA2426 /* 3rd party frameworks */,
				BBAB23C913894ECA00AA2426 /* system frameworks */,
			);
			name = frameworks;
			sourceTree = "<group>";
		};
		E4B69B4A0A3A1720003C02F2 = {
			isa = PBXGroup;
			children = (
				E4B6FCAD0C3E899E008CF71C /* openFrameworks-Info.plist */,
				E4EB6923138AFD0F00A09F29 /* Project.xcconfig */,
				E4B69E1C0A3A1BDC003C02F2 /* src */,
				E4EEC9E9138DF44700A80321 /* openFrameworks */,
				BB4B014C10F69532006C3DED /* addons */,
				E45BE5980E8CC70C009D7055 /* frameworks */,
				E4B69B5B0A3A1756003C02F2 /* example_CLIDebug.app */,
			);
			sourceTree = "<group>";
		};
		E4B69E1C0A3A1BDC003C02F2 /* src */ = {
			isa = PBXGroup;
			children = (
				FD6ABBCE19E9EBDD0055DC72 /* main.cpp */,
				FD6ABBCB19E9EA5D0055DC72 /* CommandLineProjectGenerator.cpp */,
				FD6ABBCC19E9EA5D0055DC72 /* CommandLineProjectGenerator.h */,
			);
			path = src;
			sourceTree = SOURCE_ROOT;
		};
		E4EEC9E9138DF44700A80321 /* openFrameworks */ = {
			isa = PBXGroup;
			children = (
				E4EB691F138AFCF100A09F29 /* CoreOF.xcconfig */,
				E4328143138ABC890047C5CB /* openFrameworksLib.xcodeproj */,
			);
			name = openFrameworks;
			sourceTree = "<group>";
		};
		E8CFD0245E78781E1C612450 /* ofxPG */ = {
			isa = PBXGroup;
			children = (
				A2F67FDF71DA336CB6DF23EF /* src */,
				3561608134E93F44875B2432 /* libs */,
			);
			name = ofxPG;
			sourceTree = "<group>";
		};
		FAEA7D0951D872AB746C9DBE /* ofxPugiXML */ = {
			isa = PBXGroup;
			children = (
				201A5EB831CE1D9275121E74 /* src */,
				37B88972D3EBF7934DFE8896 /* libs */,
			);
			name = ofxPugiXML;
			sourceTree = "<group>";
		};
		FD6ABBD119EA14B60055DC72 /* ofxIO */ = {
			isa = PBXGroup;
			children = (
				FD6ABBD219EA14B60055DC72 /* src */,
				FD6ABBD419EA14B60055DC72 /* libs */,
			);
			name = ofxIO;
			sourceTree = "<group>";
		};
		FD6ABBD219EA14B60055DC72 /* src */ = {
			isa = PBXGroup;
			children = (
				FD6ABBD319EA14B60055DC72 /* ofxIO.h */,
			);
			name = src;
			path = ../../ofxIO/src;
			sourceTree = "<group>";
		};
		FD6ABBD419EA14B60055DC72 /* libs */ = {
			isa = PBXGroup;
			children = (
				FD6ABBD519EA14B60055DC72 /* alphanum */,
				FD6ABBD819EA14B60055DC72 /* lz4 */,
				FD6ABBDC19EA14B60055DC72 /* ofxIO */,
				FD6ABC1719EA14B60055DC72 /* snappy */,
			);
			name = libs;
			path = ../../ofxIO/libs;
			sourceTree = "<group>";
		};
		FD6ABBD519EA14B60055DC72 /* alphanum */ = {
			isa = PBXGroup;
			children = (
				FD6ABBD619EA14B60055DC72 /* include */,
			);
			path = alphanum;
			sourceTree = "<group>";
		};
		FD6ABBD619EA14B60055DC72 /* include */ = {
			isa = PBXGroup;
			children = (
				FD6ABBD719EA14B60055DC72 /* alphanum.hpp */,
			);
			path = include;
			sourceTree = "<group>";
		};
		FD6ABBD819EA14B60055DC72 /* lz4 */ = {
			isa = PBXGroup;
			children = (
				FD6ABBD919EA14B60055DC72 /* src */,
			);
			path = lz4;
			sourceTree = "<group>";
		};
		FD6ABBD919EA14B60055DC72 /* src */ = {
			isa = PBXGroup;
			children = (
				FD6ABBDA19EA14B60055DC72 /* lz4.c */,
				FD6ABBDB19EA14B60055DC72 /* lz4.h */,
			);
			path = src;
			sourceTree = "<group>";
		};
		FD6ABBDC19EA14B60055DC72 /* ofxIO */ = {
			isa = PBXGroup;
			children = (
				FD6ABBDD19EA14B60055DC72 /* include */,
				FD6ABC0119EA14B60055DC72 /* src */,
			);
			path = ofxIO;
			sourceTree = "<group>";
		};
		FD6ABBDD19EA14B60055DC72 /* include */ = {
			isa = PBXGroup;
			children = (
				FD6ABBDE19EA14B60055DC72 /* ofx */,
			);
			path = include;
			sourceTree = "<group>";
		};
		FD6ABBDE19EA14B60055DC72 /* ofx */ = {
			isa = PBXGroup;
			children = (
				FD6ABBDF19EA14B60055DC72 /* AbstractCache.h */,
				FD6ABBE019EA14B60055DC72 /* AccessExpireCache.h */,
				FD6ABBE119EA14B60055DC72 /* AccessExpireLRUCache.h */,
				FD6ABBE219EA14B60055DC72 /* DirectoryWatcher.h */,
				FD6ABBE319EA14B60055DC72 /* ExpireCache.h */,
				FD6ABBE419EA14B60055DC72 /* ExpireLRUCache.h */,
				FD6ABBE519EA14B60055DC72 /* IO */,
				FD6ABBF919EA14B60055DC72 /* LRUCache.h */,
				FD6ABBFA19EA14B60055DC72 /* RecursiveDirectoryIterator.h */,
				FD6ABBFB19EA14B60055DC72 /* RecursiveDirectoryIteratorImpl.h */,
				FD6ABBFC19EA14B60055DC72 /* RecursiveDirectoryIteratorStategies.h */,
				FD6ABBFD19EA14B60055DC72 /* UniqueAccessExpireCache.h */,
				FD6ABBFE19EA14B60055DC72 /* UniqueAccessExpireLRUCache.h */,
				FD6ABBFF19EA14B60055DC72 /* UniqueExpireCache.h */,
				FD6ABC0019EA14B60055DC72 /* UniqueExpireLRUCache.h */,
			);
			path = ofx;
			sourceTree = "<group>";
		};
		FD6ABBE519EA14B60055DC72 /* IO */ = {
			isa = PBXGroup;
			children = (
				FD6ABBE619EA14B60055DC72 /* AbstractTypes.h */,
				FD6ABBE719EA14B60055DC72 /* Base64Encoding.h */,
				FD6ABBE819EA14B60055DC72 /* ByteBuffer.h */,
				FD6ABBE919EA14B60055DC72 /* ByteBufferReader.h */,
				FD6ABBEA19EA14B60055DC72 /* ByteBufferUtils.h */,
				FD6ABBEB19EA14B60055DC72 /* ByteBufferWriter.h */,
				FD6ABBEC19EA14B60055DC72 /* COBSEncoding.h */,
				FD6ABBED19EA14B60055DC72 /* Compression.h */,
				FD6ABBEE19EA14B60055DC72 /* DeviceFilter.h */,
				FD6ABBEF19EA14B60055DC72 /* DirectoryFilter.h */,
				FD6ABBF019EA14B60055DC72 /* DirectoryUtils.h */,
				FD6ABBF119EA14B60055DC72 /* DirectoryWatcherManager.h */,
				FD6ABBF219EA14B60055DC72 /* FileExtensionFilter.h */,
				FD6ABBF319EA14B60055DC72 /* HexBinaryEncoding.h */,
				FD6ABBF419EA14B60055DC72 /* HiddenFileFilter.h */,
				FD6ABBF519EA14B60055DC72 /* LinkFilter.h */,
				FD6ABBF619EA14B60055DC72 /* PathFilterCollection.h */,
				FD6ABBF719EA14B60055DC72 /* RegexPathFilter.h */,
				FD6ABBF819EA14B60055DC72 /* SearchPath.h */,
			);
			path = IO;
			sourceTree = "<group>";
		};
		FD6ABC0119EA14B60055DC72 /* src */ = {
			isa = PBXGroup;
			children = (
				FD6ABC0219EA14B60055DC72 /* Base64Encoding.cpp */,
				FD6ABC0319EA14B60055DC72 /* ByteBuffer.cpp */,
				FD6ABC0419EA14B60055DC72 /* ByteBufferReader.cpp */,
				FD6ABC0519EA14B60055DC72 /* ByteBufferUtils.cpp */,
				FD6ABC0619EA14B60055DC72 /* ByteBufferWriter.cpp */,
				FD6ABC0719EA14B60055DC72 /* COBSEncoding.cpp */,
				FD6ABC0819EA14B60055DC72 /* Compression.cpp */,
				FD6ABC0919EA14B60055DC72 /* DeviceFilter.cpp */,
				FD6ABC0A19EA14B60055DC72 /* DirectoryFilter.cpp */,
				FD6ABC0B19EA14B60055DC72 /* DirectoryUtils.cpp */,
				FD6ABC0C19EA14B60055DC72 /* DirectoryWatcher.cpp */,
				FD6ABC0D19EA14B60055DC72 /* DirectoryWatcherManager.cpp */,
				FD6ABC0E19EA14B60055DC72 /* FileExtensionFilter.cpp */,
				FD6ABC0F19EA14B60055DC72 /* HexBinaryEncoding.cpp */,
				FD6ABC1019EA14B60055DC72 /* HiddenFileFilter.cpp */,
				FD6ABC1119EA14B60055DC72 /* LinkFilter.cpp */,
				FD6ABC1219EA14B60055DC72 /* PathFilterCollection.cpp */,
				FD6ABC1319EA14B60055DC72 /* RecursiveDirectoryIterator.cpp */,
				FD6ABC1419EA14B60055DC72 /* RecursiveDirectoryIteratorStategies.cpp */,
				FD6ABC1519EA14B60055DC72 /* RegexPathFilter.cpp */,
				FD6ABC1619EA14B60055DC72 /* SearchPath.cpp */,
			);
			path = src;
			sourceTree = "<group>";
		};
		FD6ABC1719EA14B60055DC72 /* snappy */ = {
			isa = PBXGroup;
			children = (
				FD6ABC1819EA14B60055DC72 /* src */,
			);
			path = snappy;
			sourceTree = "<group>";
		};
		FD6ABC1819EA14B60055DC72 /* src */ = {
			isa = PBXGroup;
			children = (
				FD6ABC1919EA14B60055DC72 /* snappy-internal.h */,
				FD6ABC1A19EA14B60055DC72 /* snappy-sinksource.cc */,
				FD6ABC1B19EA14B60055DC72 /* snappy-sinksource.h */,
				FD6ABC1C19EA14B60055DC72 /* snappy-stubs-internal.cc */,
				FD6ABC1D19EA14B60055DC72 /* snappy-stubs-internal.h */,
				FD6ABC1E19EA14B60055DC72 /* snappy-stubs-public.h */,
				FD6ABC1F19EA14B60055DC72 /* snappy.cc */,
				FD6ABC2019EA14B60055DC72 /* snappy.h */,
			);
			path = src;
			sourceTree = "<group>";
		};
/* End PBXGroup section */

/* Begin PBXNativeTarget section */
		E4B69B5A0A3A1756003C02F2 /* example_CLI */ = {
			isa = PBXNativeTarget;
			buildConfigurationList = E4B69B5F0A3A1757003C02F2 /* Build configuration list for PBXNativeTarget "example_CLI" */;
			buildPhases = (
				E4B69B580A3A1756003C02F2 /* Sources */,
				E4B69B590A3A1756003C02F2 /* Frameworks */,
				E4B6FFFD0C3F9AB9008CF71C /* ShellScript */,
				E4C2427710CC5ABF004149E2 /* CopyFiles */,
			);
			buildRules = (
			);
			dependencies = (
				E4EEB9AC138B136A00A80321 /* PBXTargetDependency */,
			);
			name = example_CLI;
			productName = myOFApp;
			productReference = E4B69B5B0A3A1756003C02F2 /* example_CLIDebug.app */;
			productType = "com.apple.product-type.application";
		};
/* End PBXNativeTarget section */

/* Begin PBXProject section */
		E4B69B4C0A3A1720003C02F2 /* Project object */ = {
			isa = PBXProject;
			attributes = {
				LastUpgradeCheck = 0460;
			};
			buildConfigurationList = E4B69B4D0A3A1720003C02F2 /* Build configuration list for PBXProject "example_CLI" */;
			compatibilityVersion = "Xcode 3.2";
			developmentRegion = English;
			hasScannedForEncodings = 0;
			knownRegions = (
				English,
				Japanese,
				French,
				German,
			);
			mainGroup = E4B69B4A0A3A1720003C02F2;
			productRefGroup = E4B69B4A0A3A1720003C02F2;
			projectDirPath = "";
			projectReferences = (
				{
					ProductGroup = E4328144138ABC890047C5CB /* Products */;
					ProjectRef = E4328143138ABC890047C5CB /* openFrameworksLib.xcodeproj */;
				},
			);
			projectRoot = "";
			targets = (
				E4B69B5A0A3A1756003C02F2 /* example_CLI */,
			);
		};
/* End PBXProject section */

/* Begin PBXReferenceProxy section */
		E4328148138ABC890047C5CB /* openFrameworksDebug.a */ = {
			isa = PBXReferenceProxy;
			fileType = archive.ar;
			path = openFrameworksDebug.a;
			remoteRef = E4328147138ABC890047C5CB /* PBXContainerItemProxy */;
			sourceTree = BUILT_PRODUCTS_DIR;
		};
/* End PBXReferenceProxy section */

/* Begin PBXShellScriptBuildPhase section */
		E4B6FFFD0C3F9AB9008CF71C /* ShellScript */ = {
			isa = PBXShellScriptBuildPhase;
			buildActionMask = 2147483647;
			files = (
			);
			inputPaths = (
			);
			outputPaths = (
			);
			runOnlyForDeploymentPostprocessing = 0;
			shellPath = /bin/sh;
			shellScript = "cp -f ../../../libs/fmodex/lib/osx/libfmodex.dylib \"$TARGET_BUILD_DIR/$PRODUCT_NAME.app/Contents/MacOS/libfmodex.dylib\"; install_name_tool -change ./libfmodex.dylib @executable_path/libfmodex.dylib \"$TARGET_BUILD_DIR/$PRODUCT_NAME.app/Contents/MacOS/$PRODUCT_NAME\";\nmkdir -p \"$TARGET_BUILD_DIR/$PRODUCT_NAME.app/Contents/Resources/\"\ncp -f \"$ICON_FILE\" \"$TARGET_BUILD_DIR/$PRODUCT_NAME.app/Contents/Resources/\"\n";
		};
/* End PBXShellScriptBuildPhase section */

/* Begin PBXSourcesBuildPhase section */
		E4B69B580A3A1756003C02F2 /* Sources */ = {
			isa = PBXSourcesBuildPhase;
			buildActionMask = 2147483647;
			files = (
				66E2ED967F8D6C833C7CC321 /* pugixml.cpp in Sources */,
				FD6ABC3119EA14B60055DC72 /* LinkFilter.cpp in Sources */,
				856AA354D08AB4B323081444 /* ofxBaseGui.cpp in Sources */,
				FD6ABBCD19E9EA5D0055DC72 /* CommandLineProjectGenerator.cpp in Sources */,
				5CBB2AB3A60F65431D7B555D /* ofxButton.cpp in Sources */,
				FD6ABC2619EA14B60055DC72 /* ByteBufferWriter.cpp in Sources */,
				FD6ABC3619EA14B60055DC72 /* SearchPath.cpp in Sources */,
				FD6ABC2919EA14B60055DC72 /* DeviceFilter.cpp in Sources */,
				FD6ABC2119EA14B60055DC72 /* lz4.c in Sources */,
				FD6ABBCF19E9EBDD0055DC72 /* main.cpp in Sources */,
				B266578FC55D23BFEBC042E7 /* ofxGuiGroup.cpp in Sources */,
				FD6ABC2219EA14B60055DC72 /* Base64Encoding.cpp in Sources */,
				483908258D00B98B4BE69F07 /* ofxLabel.cpp in Sources */,
				F285EB3169F1566CA3D93C20 /* ofxPanel.cpp in Sources */,
				FD6ABC2519EA14B60055DC72 /* ByteBufferUtils.cpp in Sources */,
				837220E80EB56CD44AD27F2A /* ofxSlider.cpp in Sources */,
				FD6ABC3919EA14B60055DC72 /* snappy.cc in Sources */,
				B56FE57CC35806596D38118C /* ofxSliderGroup.cpp in Sources */,
				1CD33E884D9E3358252E82A1 /* ofxToggle.cpp in Sources */,
				FD6ABC3519EA14B60055DC72 /* RegexPathFilter.cpp in Sources */,
				219A7C4001C28CEA8A4A6BD7 /* BaseProject.cpp in Sources */,
				FD6ABC2819EA14B60055DC72 /* Compression.cpp in Sources */,
				FD6ABC2419EA14B60055DC72 /* ByteBufferReader.cpp in Sources */,
				94C72D56AD2A9757569C5990 /* CBLinuxProject.cpp in Sources */,
				61962F588336621801F9F5A8 /* CBWinProject.cpp in Sources */,
				87106BA37E077290374CB540 /* ofAddon.cpp in Sources */,
				FD6ABC2B19EA14B60055DC72 /* DirectoryUtils.cpp in Sources */,
				FD6ABC2719EA14B60055DC72 /* COBSEncoding.cpp in Sources */,
				FD6ABC3819EA14B60055DC72 /* snappy-stubs-internal.cc in Sources */,
				9893D4BF88ED774BF2F7E957 /* PGUtils.cpp in Sources */,
				661BDE424D0A013B1BF7DDFC /* VisualStudioProject.cpp in Sources */,
				D7546F032F43E162B6D56173 /* XcodeProject.cpp in Sources */,
				FD6ABC2F19EA14B60055DC72 /* HexBinaryEncoding.cpp in Sources */,
				FD6ABC2319EA14B60055DC72 /* ByteBuffer.cpp in Sources */,
				63B57AC5BF4EF088491E0317 /* ofxXmlSettings.cpp in Sources */,
				933A2227713C720CEFF80FD9 /* tinyxml.cpp in Sources */,
				FD6ABC3319EA14B60055DC72 /* RecursiveDirectoryIterator.cpp in Sources */,
				FD6ABC3219EA14B60055DC72 /* PathFilterCollection.cpp in Sources */,
				FD6ABC3419EA14B60055DC72 /* RecursiveDirectoryIteratorStategies.cpp in Sources */,
				FD6ABC3719EA14B60055DC72 /* snappy-sinksource.cc in Sources */,
				FD6ABC2C19EA14B60055DC72 /* DirectoryWatcher.cpp in Sources */,
				FD6ABC2E19EA14B60055DC72 /* FileExtensionFilter.cpp in Sources */,
				FD6ABC2D19EA14B60055DC72 /* DirectoryWatcherManager.cpp in Sources */,
				9D44DC88EF9E7991B4A09951 /* tinyxmlerror.cpp in Sources */,
				5A4349E9754D6FA14C0F2A3A /* tinyxmlparser.cpp in Sources */,
				FD6ABC2A19EA14B60055DC72 /* DirectoryFilter.cpp in Sources */,
				FD6ABC3019EA14B60055DC72 /* HiddenFileFilter.cpp in Sources */,
			);
			runOnlyForDeploymentPostprocessing = 0;
		};
/* End PBXSourcesBuildPhase section */

/* Begin PBXTargetDependency section */
		E4EEB9AC138B136A00A80321 /* PBXTargetDependency */ = {
			isa = PBXTargetDependency;
			name = openFrameworks;
			targetProxy = E4EEB9AB138B136A00A80321 /* PBXContainerItemProxy */;
		};
/* End PBXTargetDependency section */

/* Begin XCBuildConfiguration section */
		E4B69B4E0A3A1720003C02F2 /* Debug */ = {
			isa = XCBuildConfiguration;
			baseConfigurationReference = E4EB6923138AFD0F00A09F29 /* Project.xcconfig */;
			buildSettings = {
				ARCHS = "$(NATIVE_ARCH)";
				CONFIGURATION_BUILD_DIR = "$(SRCROOT)/bin/";
				COPY_PHASE_STRIP = NO;
				DEAD_CODE_STRIPPING = YES;
				GCC_AUTO_VECTORIZATION = YES;
				GCC_ENABLE_SSE3_EXTENSIONS = YES;
				GCC_ENABLE_SUPPLEMENTAL_SSE3_INSTRUCTIONS = YES;
				GCC_INLINES_ARE_PRIVATE_EXTERN = NO;
				GCC_OPTIMIZATION_LEVEL = 0;
				GCC_SYMBOLS_PRIVATE_EXTERN = NO;
				GCC_WARN_ABOUT_DEPRECATED_FUNCTIONS = YES;
				GCC_WARN_ABOUT_INVALID_OFFSETOF_MACRO = NO;
				GCC_WARN_ALLOW_INCOMPLETE_PROTOCOL = NO;
				GCC_WARN_UNINITIALIZED_AUTOS = NO;
				GCC_WARN_UNUSED_VALUE = NO;
				GCC_WARN_UNUSED_VARIABLE = NO;
				HEADER_SEARCH_PATHS = (
					"$(OF_CORE_HEADERS)",
					../../../addons/ofxPugiXML/libs,
					../../../addons/ofxPugiXML/libs/pugixml,
					../../../addons/ofxPugiXML/libs/pugixml/contrib,
					../../../addons/ofxPugiXML/libs/pugixml/src,
					../../../addons/ofxPugiXML/src,
					../../../addons/libs,
					../../../addons/src,
					src,
					../../../addons/ofxGui/libs,
					../../../addons/ofxGui/src,
					../../../addons/ofxPG/libs,
					../../../addons/ofxPG/libs/ofxPG,
					../../../addons/ofxPG/libs/ofxPG/include,
					../../../addons/ofxPG/libs/ofxPG/include/ofx,
					../../../addons/ofxPG/libs/ofxPG/include/ofx/PG,
					../../../addons/ofxPG/libs/ofxPG/src,
					../../../addons/ofxPG/src,
					../../../addons/ofxXmlSettings/libs,
					../../../addons/ofxXmlSettings/src,
				);
				MACOSX_DEPLOYMENT_TARGET = 10.6;
				OTHER_CPLUSPLUSFLAGS = (
					"-D__MACOSX_CORE__",
					"-lpthread",
					"-mtune=native",
				);
				SDKROOT = macosx;
			};
			name = Debug;
		};
		E4B69B4F0A3A1720003C02F2 /* Release */ = {
			isa = XCBuildConfiguration;
			baseConfigurationReference = E4EB6923138AFD0F00A09F29 /* Project.xcconfig */;
			buildSettings = {
				ARCHS = "$(NATIVE_ARCH)";
				CONFIGURATION_BUILD_DIR = "$(SRCROOT)/bin/";
				COPY_PHASE_STRIP = YES;
				DEAD_CODE_STRIPPING = YES;
				GCC_AUTO_VECTORIZATION = YES;
				GCC_ENABLE_SSE3_EXTENSIONS = YES;
				GCC_ENABLE_SUPPLEMENTAL_SSE3_INSTRUCTIONS = YES;
				GCC_INLINES_ARE_PRIVATE_EXTERN = NO;
				GCC_OPTIMIZATION_LEVEL = 3;
				GCC_SYMBOLS_PRIVATE_EXTERN = NO;
				GCC_UNROLL_LOOPS = YES;
				GCC_WARN_ABOUT_DEPRECATED_FUNCTIONS = YES;
				GCC_WARN_ABOUT_INVALID_OFFSETOF_MACRO = NO;
				GCC_WARN_ALLOW_INCOMPLETE_PROTOCOL = NO;
				GCC_WARN_UNINITIALIZED_AUTOS = NO;
				GCC_WARN_UNUSED_VALUE = NO;
				GCC_WARN_UNUSED_VARIABLE = NO;
				HEADER_SEARCH_PATHS = (
					"$(OF_CORE_HEADERS)",
					../../../addons/ofxPugiXML/libs,
					../../../addons/ofxPugiXML/libs/pugixml,
					../../../addons/ofxPugiXML/libs/pugixml/contrib,
					../../../addons/ofxPugiXML/libs/pugixml/src,
					../../../addons/ofxPugiXML/src,
					../../../addons/libs,
					../../../addons/src,
					src,
					../../../addons/ofxGui/libs,
					../../../addons/ofxGui/src,
					../../../addons/ofxPG/libs,
					../../../addons/ofxPG/libs/ofxPG,
					../../../addons/ofxPG/libs/ofxPG/include,
					../../../addons/ofxPG/libs/ofxPG/include/ofx,
					../../../addons/ofxPG/libs/ofxPG/include/ofx/PG,
					../../../addons/ofxPG/libs/ofxPG/src,
					../../../addons/ofxPG/src,
					../../../addons/ofxXmlSettings/libs,
					../../../addons/ofxXmlSettings/src,
				);
				MACOSX_DEPLOYMENT_TARGET = 10.6;
				OTHER_CPLUSPLUSFLAGS = (
					"-D__MACOSX_CORE__",
					"-lpthread",
					"-mtune=native",
				);
				SDKROOT = macosx;
			};
			name = Release;
		};
		E4B69B600A3A1757003C02F2 /* Debug */ = {
			isa = XCBuildConfiguration;
			buildSettings = {
				COMBINE_HIDPI_IMAGES = YES;
				COPY_PHASE_STRIP = NO;
				FRAMEWORK_SEARCH_PATHS = (
					"$(inherited)",
					"$(FRAMEWORK_SEARCH_PATHS_QUOTED_FOR_TARGET_1)",
				);
				FRAMEWORK_SEARCH_PATHS_QUOTED_FOR_TARGET_1 = "\"$(SRCROOT)/../../../libs/glut/lib/osx\"";
				GCC_DYNAMIC_NO_PIC = NO;
				GCC_GENERATE_DEBUGGING_SYMBOLS = YES;
				GCC_MODEL_TUNING = NONE;
				ICON = "$(ICON_NAME_DEBUG)";
				ICON_FILE = "$(ICON_FILE_PATH)$(ICON)";
				INFOPLIST_FILE = "openFrameworks-Info.plist";
				INSTALL_PATH = "$(HOME)/Applications";
				LIBRARY_SEARCH_PATHS = "$(inherited)";
				PRODUCT_NAME = "$(TARGET_NAME)Debug";
				USER_HEADER_SEARCH_PATHS = "../../ofxIO/libs/alphanum/include/ ../../ofxIO/libs/ofxIO/include/";
				WRAPPER_EXTENSION = app;
			};
			name = Debug;
		};
		E4B69B610A3A1757003C02F2 /* Release */ = {
			isa = XCBuildConfiguration;
			buildSettings = {
				COMBINE_HIDPI_IMAGES = YES;
				COPY_PHASE_STRIP = YES;
				FRAMEWORK_SEARCH_PATHS = (
					"$(inherited)",
					"$(FRAMEWORK_SEARCH_PATHS_QUOTED_FOR_TARGET_1)",
				);
				FRAMEWORK_SEARCH_PATHS_QUOTED_FOR_TARGET_1 = "\"$(SRCROOT)/../../../libs/glut/lib/osx\"";
				GCC_GENERATE_DEBUGGING_SYMBOLS = YES;
				GCC_MODEL_TUNING = NONE;
				ICON = "$(ICON_NAME_RELEASE)";
				ICON_FILE = "$(ICON_FILE_PATH)$(ICON)";
				INFOPLIST_FILE = "openFrameworks-Info.plist";
				INSTALL_PATH = "$(HOME)/Applications";
				LIBRARY_SEARCH_PATHS = "$(inherited)";
				PRODUCT_NAME = "$(TARGET_NAME)";
				USER_HEADER_SEARCH_PATHS = "../../ofxIO/libs/alphanum/include/ ../../ofxIO/libs/ofxIO/include/";
				WRAPPER_EXTENSION = app;
			};
			name = Release;
		};
/* End XCBuildConfiguration section */

/* Begin XCConfigurationList section */
		E4B69B4D0A3A1720003C02F2 /* Build configuration list for PBXProject "example_CLI" */ = {
			isa = XCConfigurationList;
			buildConfigurations = (
				E4B69B4E0A3A1720003C02F2 /* Debug */,
				E4B69B4F0A3A1720003C02F2 /* Release */,
			);
			defaultConfigurationIsVisible = 0;
			defaultConfigurationName = Release;
		};
		E4B69B5F0A3A1757003C02F2 /* Build configuration list for PBXNativeTarget "example_CLI" */ = {
			isa = XCConfigurationList;
			buildConfigurations = (
				E4B69B600A3A1757003C02F2 /* Debug */,
				E4B69B610A3A1757003C02F2 /* Release */,
			);
			defaultConfigurationIsVisible = 0;
			defaultConfigurationName = Release;
		};
/* End XCConfigurationList section */
	};
	rootObject = E4B69B4C0A3A1720003C02F2 /* Project object */;
}
